
Microsoft Visual Studio Solution File, Format Version 11.00
# Visual Studio 2010
Project("{FAE04EC0-301F-11D3-BF4B-00C04F79EFBC}") = "AnonymousMethod", "AnonymousMethod\AnonymousMethod.csproj", "{008CC01A-DEA5-4563-AA0A-32C4E6846B06}"
EndProject
Global
	GlobalSection(SolutionConfigurationPlatforms) = preSolution
		Debug|x86 = Debug|x86
		Release|x86 = Release|x86
	EndGlobalSection
	GlobalSection(ProjectConfigurationPlatforms) = postSolution
		{008CC01A-DEA5-4563-AA0A-32C4E6846B06}.Debug|x86.ActiveCfg = Debug|x86
		{008CC01A-DEA5-4563-AA0A-32C4E6846B06}.Debug|x86.Build.0 = Debug|x86
		{008CC01A-DEA5-4563-AA0A-32C4E6846B06}.Release|x86.ActiveCfg = Release|x86
		{008CC01A-DEA5-4563-AA0A-32C4E6846B06}.Release|x86.Build.0 = Release|x86
	EndGlobalSection
	GlobalSection(MonoDevelopProperties) = preSolution
		StartupItem = AnonymousMethod\AnonymousMethod.csproj
	EndGlobalSection
EndGlobal
